
Microsoft Visual Studio Solution File, Format Version 12.00
# Visual Studio Version 16
VisualStudioVersion = 16.0.31025.194
MinimumVisualStudioVersion = 10.0.40219.1
Project("{FAE04EC0-301F-11D3-BF4B-00C04F79EFBC}") = "Part3", "Part3\Part3.csproj", "{95304BF2-CAE3-4CF4-9714-87A9FCC1C6D2}"
EndProject
Global
	GlobalSection(SolutionConfigurationPlatforms) = preSolution
		Debug|Any CPU = Debug|Any CPU
		Release|Any CPU = Release|Any CPU
	EndGlobalSection
	GlobalSection(ProjectConfigurationPlatforms) = postSolution
		{95304BF2-CAE3-4CF4-9714-87A9FCC1C6D2}.Debug|Any CPU.ActiveCfg = Debug|Any CPU
		{95304BF2-CAE3-4CF4-9714-87A9FCC1C6D2}.Debug|Any CPU.Build.0 = Debug|Any CPU
		{95304BF2-CAE3-4CF4-9714-87A9FCC1C6D2}.Release|Any CPU.ActiveCfg = Release|Any CPU
		{95304BF2-CAE3-4CF4-9714-87A9FCC1C6D2}.Release|Any CPU.Build.0 = Release|Any CPU
	EndGlobalSection
	GlobalSection(SolutionProperties) = preSolution
		HideSolutionNode = FALSE
	EndGlobalSection
	GlobalSection(ExtensibilityGlobals) = postSolution
		SolutionGuid = {98639D53-0B02-4DB3-B265-6B8A4050164C}
	EndGlobalSection
EndGlobal
